
Microsoft Visual Studio Solution File, Format Version 12.00
# Visual Studio 15
VisualStudioVersion = 15.0.26730.0
MinimumVisualStudioVersion = 15.0.26430.12
Project("{9A19103F-16F7-4668-BE54-9A1E7A4F7556}") = "NServiceBus.Testing", "NServiceBus.Testing\NServiceBus.Testing.csproj", "{8B815173-9AFA-4D95-BAB4-686C298F17DA}"
EndProject
Project("{9A19103F-16F7-4668-BE54-9A1E7A4F7556}") = "NServiceBus.Testing.Tests", "NServiceBus.Testing.Tests\NServiceBus.Testing.Tests.csproj", "{7619C202-AE52-45DC-98AF-901DD670F117}"
EndProject
Project("{2150E333-8FDC-42A3-9474-1A3956D46DE8}") = "Solution Items", "Solution Items", "{B483C1D9-DDB1-484B-A1AC-2CFB6C8993F3}"
	ProjectSection(SolutionItems) = preProject
		..\GitVersion.yml = ..\GitVersion.yml
	EndProjectSection
EndProject
Global
	GlobalSection(SolutionConfigurationPlatforms) = preSolution
		Debug|Any CPU = Debug|Any CPU
		Release|Any CPU = Release|Any CPU
	EndGlobalSection
	GlobalSection(ProjectConfigurationPlatforms) = postSolution
		{8B815173-9AFA-4D95-BAB4-686C298F17DA}.Debug|Any CPU.ActiveCfg = Debug|Any CPU
		{8B815173-9AFA-4D95-BAB4-686C298F17DA}.Debug|Any CPU.Build.0 = Debug|Any CPU
		{8B815173-9AFA-4D95-BAB4-686C298F17DA}.Release|Any CPU.ActiveCfg = Release|Any CPU
		{8B815173-9AFA-4D95-BAB4-686C298F17DA}.Release|Any CPU.Build.0 = Release|Any CPU
		{7619C202-AE52-45DC-98AF-901DD670F117}.Debug|Any CPU.ActiveCfg = Debug|Any CPU
		{7619C202-AE52-45DC-98AF-901DD670F117}.Debug|Any CPU.Build.0 = Debug|Any CPU
		{7619C202-AE52-45DC-98AF-901DD670F117}.Release|Any CPU.ActiveCfg = Release|Any CPU
		{7619C202-AE52-45DC-98AF-901DD670F117}.Release|Any CPU.Build.0 = Release|Any CPU
	EndGlobalSection
	GlobalSection(SolutionProperties) = preSolution
		HideSolutionNode = FALSE
	EndGlobalSection
	GlobalSection(ExtensibilityGlobals) = postSolution
		SolutionGuid = {494B8D54-9BC2-4423-919A-0FC29F5B081C}
	EndGlobalSection
EndGlobal
